
Microsoft Visual Studio Solution File, Format Version 12.00
# Visual Studio 2012
Project("{FAE04EC0-301F-11D3-BF4B-00C04F79EFBC}") = "PowershellScriptAsService", "PowershellScriptAsService\PowershellScriptAsService.csproj", "{DFB36E7B-9934-4A48-956C-FFA9A45DEED9}"
EndProject
Project("{6141683F-8A12-4E36-9623-2EB02B2C2303}") = "IISLogMonitor.Setup", "IISLogMonitor.Setup\IISLogMonitor.Setup.isproj", "{0AF387D8-01B2-4237-8827-B58191FACCCD}"
	ProjectSection(ProjectDependencies) = postProject
		{32F60486-8A0C-4644-A026-EDBFAC2B87AA} = {32F60486-8A0C-4644-A026-EDBFAC2B87AA}
	EndProjectSection
EndProject
Project("{FAE04EC0-301F-11D3-BF4B-00C04F79EFBC}") = "IISLogMonitor.Setup.Files", "IISLogMonitor.Setup.Files\IISLogMonitor.Setup.Files.csproj", "{32F60486-8A0C-4644-A026-EDBFAC2B87AA}"
EndProject
Global
	GlobalSection(SolutionConfigurationPlatforms) = preSolution
		Debug|Any CPU = Debug|Any CPU
		Release|Any CPU = Release|Any CPU
	EndGlobalSection
	GlobalSection(ProjectConfigurationPlatforms) = postSolution
		{DFB36E7B-9934-4A48-956C-FFA9A45DEED9}.Debug|Any CPU.ActiveCfg = Debug|Any CPU
		{DFB36E7B-9934-4A48-956C-FFA9A45DEED9}.Debug|Any CPU.Build.0 = Debug|Any CPU
		{DFB36E7B-9934-4A48-956C-FFA9A45DEED9}.Release|Any CPU.ActiveCfg = Release|Any CPU
		{DFB36E7B-9934-4A48-956C-FFA9A45DEED9}.Release|Any CPU.Build.0 = Release|Any CPU
		{DFB36E7B-9934-4A48-956C-FFA9A45DEED9}.Release|Any CPU.Deploy.0 = Release|Any CPU
		{0AF387D8-01B2-4237-8827-B58191FACCCD}.Debug|Any CPU.ActiveCfg = SingleImage
		{0AF387D8-01B2-4237-8827-B58191FACCCD}.Debug|Any CPU.Build.0 = SingleImage
		{0AF387D8-01B2-4237-8827-B58191FACCCD}.Release|Any CPU.ActiveCfg = SingleImage
		{0AF387D8-01B2-4237-8827-B58191FACCCD}.Release|Any CPU.Build.0 = SingleImage
		{0AF387D8-01B2-4237-8827-B58191FACCCD}.Release|Any CPU.Deploy.0 = SingleImage
		{32F60486-8A0C-4644-A026-EDBFAC2B87AA}.Debug|Any CPU.ActiveCfg = Debug|Any CPU
		{32F60486-8A0C-4644-A026-EDBFAC2B87AA}.Debug|Any CPU.Build.0 = Debug|Any CPU
		{32F60486-8A0C-4644-A026-EDBFAC2B87AA}.Release|Any CPU.ActiveCfg = Release|Any CPU
		{32F60486-8A0C-4644-A026-EDBFAC2B87AA}.Release|Any CPU.Build.0 = Release|Any CPU
	EndGlobalSection
	GlobalSection(SolutionProperties) = preSolution
		HideSolutionNode = FALSE
	EndGlobalSection
EndGlobal
